
Microsoft Visual Studio Solution File, Format Version 12.00
# Visual Studio Version 16
VisualStudioVersion = 16.0.31402.337
MinimumVisualStudioVersion = 10.0.40219.1
Project("{FAE04EC0-301F-11D3-BF4B-00C04F79EFBC}") = "jokes-app", "jokes-app\jokes-app.csproj", "{C03C5B8C-58B1-4C9B-85D9-CDA1A7C6A6FF}"
EndProject
Global
	GlobalSection(SolutionConfigurationPlatforms) = preSolution
		Debug|Any CPU = Debug|Any CPU
		Release|Any CPU = Release|Any CPU
	EndGlobalSection
	GlobalSection(ProjectConfigurationPlatforms) = postSolution
		{C03C5B8C-58B1-4C9B-85D9-CDA1A7C6A6FF}.Debug|Any CPU.ActiveCfg = Debug|Any CPU
		{C03C5B8C-58B1-4C9B-85D9-CDA1A7C6A6FF}.Debug|Any CPU.Build.0 = Debug|Any CPU
		{C03C5B8C-58B1-4C9B-85D9-CDA1A7C6A6FF}.Release|Any CPU.ActiveCfg = Release|Any CPU
		{C03C5B8C-58B1-4C9B-85D9-CDA1A7C6A6FF}.Release|Any CPU.Build.0 = Release|Any CPU
	EndGlobalSection
	GlobalSection(SolutionProperties) = preSolution
		HideSolutionNode = FALSE
	EndGlobalSection
	GlobalSection(ExtensibilityGlobals) = postSolution
		SolutionGuid = {3B6DF9E4-0384-4D33-BFBC-320066C9540E}
	EndGlobalSection
EndGlobal
